github.com/cnych/stardust v1.0.3 h1:rXCG+hDhrI5Yn1K6e03U6eXtovET5thW21SXLTXh4pQ=
github.com/cnych/stardust v1.0.3/go.mod h1:hI+2j9yYeuOr08jnjVpKq3S1D5ExsrmKE/uvspqO074=
github.com/kr/pty v1.1.1/go.mod h1:pFQYn66WHrOpPYNljwOMqo10TkYh1fy3cYio2l3bCsQ=
github.com/kr/text v0.1.0 h1:45sCR5RtlFHMR4UwH9sdQ5TC8v0qDQCHnXt+kaKSTVE=
github.com/kr/text v0.1.0/go.mod h1:4Jbv+DJW3UT/LiOwJeYQe1efqtUx/iVham/4vfdArNI=
github.com/mssola/user_agent v0.0.0-20190410142725-74451004a1be/go.mod h1:UFiKPVaShrJGW93n4uo8dpPdg1BSVpw2P9bneo0Mtp8=
github.com/mssola/user_agent v0.5.0/go.mod h1:UFiKPVaShrJGW93n4uo8dpPdg1BSVpw2P9bneo0Mtp8=
github.com/niemeyer/pretty v0.0.0-20200227124842-a10e7caefd8e h1:fD57ERR4JtEqsWbfPhv4DMiApHyliiK5xCTNVSPiaAs=
github.com/niemeyer/pretty v0.0.0-20200227124842-a10e7caefd8e/go.mod h1:zD1mROLANZcx1PVRCS0qkT7pwLkGfwJo4zjcN/Tysno=
github.com/satori/go.uuid v1.2.0/go.mod h1:dA0hQrYB0VpLJoorglMZABFdXlWrHn1NEOzdhQKdks0=
github.com/zche/stardust v1.0.1 h1:XuXYdxniiRhY5iiSvDsQL/uTWPZ81V34paTDzgB/BK0=
github.com/zche/stardust v1.0.1/go.mod h1:cMKmUM/rWhwN1mRi96m9BQ3+ZL/JY/4VW73RVxbxXYI=
github.com/zche/stardust/v2 v2.0.0 h1:MOWslJpLYP68FS8CO8aHV1Njf6i5SG4tJoXgTzbAfZo=
github.com/zche/stardust/v2 v2.0.0/go.mod h1:0f1EexxhLkffV46Tg+zfCO45Non1xk8kxoD+ah3mQ9k=
github.com/zche/stardust/v2 v2.0.1 h1:rrW5uIs6/HajBr24PSD4N1Fv3FzWEq3NbjuUKU2lDyI=
github.com/zche/stardust/v2 v2.0.1/go.mod h1:0f1EexxhLkffV46Tg+zfCO45Non1xk8kxoD+ah3mQ9k=
golang.org/x/text v0.3.2/go.mod h1:bEr9sfX3Q8Zfm5fL9x+3itogRgK3+ptLWKqgva+5dAk=
golang.org/x/tools v0.0.0-20180917221912-90fa682c2a6e/go.mod h1:n7NCudcB/nEzxVGmLbDWY5pfWTLqBcC2KZ6jyYvM4mQ=
gopkg.in/check.v1 v0.0.0-20161208181325-20d25e280405/go.mod h1:Co6ibVJAznAaIkqp8huTwlJQCZ016jof/cbN4VW5Yz0=
gopkg.in/check.v1 v1.0.0-20200227125254-8fa46927fb4f h1:BLraFXnmrev5lT+xlilqcH8XK9/i0At2xKjWk4p6zsU=
gopkg.in/check.v1 v1.0.0-20200227125254-8fa46927fb4f/go.mod h1:Co6ibVJAznAaIkqp8huTwlJQCZ016jof/cbN4VW5Yz0=
gopkg.in/mgo.v2 v2.0.0-20180705113604-9856a29383ce h1:xcEWjVhvbDy+nHP67nPDDpbYrY+ILlfndk4bRioVHaU=
gopkg.in/mgo.v2 v2.0.0-20180705113604-9856a29383ce/go.mod h1:yeKp02qBN3iKW1OzL3MGk2IdtZzaj7SFntXj72NppTA=
gopkg.in/yaml.v2 v2.3.0 h1:clyUAQHOM3G0M3f5vQj7LuJrETvjVot3Z5el9nffUtU=
gopkg.in/yaml.v2 v2.3.0/go.mod h1:hI93XBmqTisBFMUTm0b8Fm+jr3Dg1NNxqwp+5A1VGuI=
